
Microsoft Visual Studio Solution File, Format Version 12.00
# Visual Studio Version 16
VisualStudioVersion = 16.0.29102.190
MinimumVisualStudioVersion = 10.0.40219.1
Project("{FAE04EC0-301F-11D3-BF4B-00C04F79EFBC}") = "Translator", "Translator\Translator.csproj", "{E67C86DA-087F-4915-B31D-12D03B5F2835}"
EndProject
Global
	GlobalSection(SolutionConfigurationPlatforms) = preSolution
		Debug|Any CPU = Debug|Any CPU
		Release|Any CPU = Release|Any CPU
	EndGlobalSection
	GlobalSection(ProjectConfigurationPlatforms) = postSolution
		{E67C86DA-087F-4915-B31D-12D03B5F2835}.Debug|Any CPU.ActiveCfg = Debug|Any CPU
		{E67C86DA-087F-4915-B31D-12D03B5F2835}.Debug|Any CPU.Build.0 = Debug|Any CPU
		{E67C86DA-087F-4915-B31D-12D03B5F2835}.Release|Any CPU.ActiveCfg = Release|Any CPU
		{E67C86DA-087F-4915-B31D-12D03B5F2835}.Release|Any CPU.Build.0 = Release|Any CPU
	EndGlobalSection
	GlobalSection(SolutionProperties) = preSolution
		HideSolutionNode = FALSE
	EndGlobalSection
	GlobalSection(ExtensibilityGlobals) = postSolution
		SolutionGuid = {9FD4AB67-8CDE-41D1-9473-F179CF683C53}
	EndGlobalSection
EndGlobal
